
Microsoft Visual Studio Solution File, Format Version 12.00
# Visual Studio 15
VisualStudioVersion = 15.0.28307.168
MinimumVisualStudioVersion = 10.0.40219.1
Project("{FAE04EC0-301F-11D3-BF4B-00C04F79EFBC}") = "xUnit_Test", "xUnit_Test\xUnit_Test.csproj", "{D847BB05-AE82-4873-9F7B-6A3ACF6F1A74}"
EndProject
Project("{FAE04EC0-301F-11D3-BF4B-00C04F79EFBC}") = "xUnit_Test.Test", "xUnit_Test.Test\xUnit_Test.Test.csproj", "{CEDAD3A6-3DEB-4E4D-8A08-04944350AB14}"
EndProject
Global
	GlobalSection(SolutionConfigurationPlatforms) = preSolution
		Debug|Any CPU = Debug|Any CPU
		Release|Any CPU = Release|Any CPU
	EndGlobalSection
	GlobalSection(ProjectConfigurationPlatforms) = postSolution
		{D847BB05-AE82-4873-9F7B-6A3ACF6F1A74}.Debug|Any CPU.ActiveCfg = Debug|Any CPU
		{D847BB05-AE82-4873-9F7B-6A3ACF6F1A74}.Debug|Any CPU.Build.0 = Debug|Any CPU
		{D847BB05-AE82-4873-9F7B-6A3ACF6F1A74}.Release|Any CPU.ActiveCfg = Release|Any CPU
		{D847BB05-AE82-4873-9F7B-6A3ACF6F1A74}.Release|Any CPU.Build.0 = Release|Any CPU
		{CEDAD3A6-3DEB-4E4D-8A08-04944350AB14}.Debug|Any CPU.ActiveCfg = Debug|Any CPU
		{CEDAD3A6-3DEB-4E4D-8A08-04944350AB14}.Debug|Any CPU.Build.0 = Debug|Any CPU
		{CEDAD3A6-3DEB-4E4D-8A08-04944350AB14}.Release|Any CPU.ActiveCfg = Release|Any CPU
		{CEDAD3A6-3DEB-4E4D-8A08-04944350AB14}.Release|Any CPU.Build.0 = Release|Any CPU
	EndGlobalSection
	GlobalSection(SolutionProperties) = preSolution
		HideSolutionNode = FALSE
	EndGlobalSection
	GlobalSection(ExtensibilityGlobals) = postSolution
		SolutionGuid = {0E191C9C-C085-4C5B-8FE4-EE4FE689C632}
	EndGlobalSection
EndGlobal
